
Microsoft Visual Studio Solution File, Format Version 12.00
# Visual Studio 2013
VisualStudioVersion = 12.0.40629.0
MinimumVisualStudioVersion = 10.0.40219.1
Project("{2150E333-8FDC-42A3-9474-1A3956D46DE8}") = "Solution Items", "Solution Items", "{B58A2074-B426-47D1-BDF6-8F840243E930}"
	ProjectSection(SolutionItems) = preProject
		..\README.md = ..\README.md
	EndProjectSection
EndProject
Project("{FAE04EC0-301F-11D3-BF4B-00C04F79EFBC}") = "pangramWebService", "pangramWebService\pangramWebService.csproj", "{0672E173-6A65-4757-B6AD-382CFED96259}"
EndProject
Project("{FAE04EC0-301F-11D3-BF4B-00C04F79EFBC}") = "consoleClient", "consoleClient\consoleClient.csproj", "{E3229B79-C24E-462E-87D9-2DF7998CBF95}"
EndProject
Project("{FAE04EC0-301F-11D3-BF4B-00C04F79EFBC}") = "webClient", "webClient\webClient.csproj", "{27FE60A2-9EA0-49EF-87F5-6F0BA0C8520F}"
EndProject
Global
	GlobalSection(SolutionConfigurationPlatforms) = preSolution
		Debug|Any CPU = Debug|Any CPU
		Release|Any CPU = Release|Any CPU
	EndGlobalSection
	GlobalSection(ProjectConfigurationPlatforms) = postSolution
		{0672E173-6A65-4757-B6AD-382CFED96259}.Debug|Any CPU.ActiveCfg = Debug|Any CPU
		{0672E173-6A65-4757-B6AD-382CFED96259}.Debug|Any CPU.Build.0 = Debug|Any CPU
		{0672E173-6A65-4757-B6AD-382CFED96259}.Release|Any CPU.ActiveCfg = Release|Any CPU
		{0672E173-6A65-4757-B6AD-382CFED96259}.Release|Any CPU.Build.0 = Release|Any CPU
		{E3229B79-C24E-462E-87D9-2DF7998CBF95}.Debug|Any CPU.ActiveCfg = Debug|Any CPU
		{E3229B79-C24E-462E-87D9-2DF7998CBF95}.Debug|Any CPU.Build.0 = Debug|Any CPU
		{E3229B79-C24E-462E-87D9-2DF7998CBF95}.Release|Any CPU.ActiveCfg = Release|Any CPU
		{E3229B79-C24E-462E-87D9-2DF7998CBF95}.Release|Any CPU.Build.0 = Release|Any CPU
		{27FE60A2-9EA0-49EF-87F5-6F0BA0C8520F}.Debug|Any CPU.ActiveCfg = Debug|Any CPU
		{27FE60A2-9EA0-49EF-87F5-6F0BA0C8520F}.Debug|Any CPU.Build.0 = Debug|Any CPU
		{27FE60A2-9EA0-49EF-87F5-6F0BA0C8520F}.Release|Any CPU.ActiveCfg = Release|Any CPU
		{27FE60A2-9EA0-49EF-87F5-6F0BA0C8520F}.Release|Any CPU.Build.0 = Release|Any CPU
	EndGlobalSection
	GlobalSection(SolutionProperties) = preSolution
		HideSolutionNode = FALSE
	EndGlobalSection
EndGlobal
